// !$*UTF8*$!
{
	archiveVersion = 1;
	classes = {
	};
	objectVersion = 46;
	objects = {

/* Begin PBXBuildFile section */
		2352967119F8332A008C3528 /* main.m in Sources */ = {isa = PBXBuildFile; fileRef = 2352967019F8332A008C3528 /* main.m */; };
		2352967419F8332A008C3528 /* AppDelegate.m in Sources */ = {isa = PBXBuildFile; fileRef = 2352967319F8332A008C3528 /* AppDelegate.m */; };
		2352967719F8332A008C3528 /* MasterViewController.m in Sources */ = {isa = PBXBuildFile; fileRef = 2352967619F8332A008C3528 /* MasterViewController.m */; };
		2352967A19F8332A008C3528 /* DetailViewController.m in Sources */ = {isa = PBXBuildFile; fileRef = 2352967919F8332A008C3528 /* DetailViewController.m */; };
		2352967D19F8332A008C3528 /* Main.storyboard in Resources */ = {isa = PBXBuildFile; fileRef = 2352967B19F8332A008C3528 /* Main.storyboard */; };
		2352967F19F8332A008C3528 /* Images.xcassets in Resources */ = {isa = PBXBuildFile; fileRef = 2352967E19F8332A008C3528 /* Images.xcassets */; };
		2352968219F8332A008C3528 /* LaunchScreen.xib in Resources */ = {isa = PBXBuildFile; fileRef = 2352968019F8332A008C3528 /* LaunchScreen.xib */; };
		2352968E19F8332A008C3528 /* Blog_ReaderTests.m in Sources */ = {isa = PBXBuildFile; fileRef = 2352968D19F8332A008C3528 /* Blog_ReaderTests.m */; };
/* End PBXBuildFile section */

/* Begin PBXContainerItemProxy section */
		2352968819F8332A008C3528 /* PBXContainerItemProxy */ = {
			isa = PBXContainerItemProxy;
			containerPortal = 2352966319F8332A008C3528 /* Project object */;
			proxyType = 1;
			remoteGlobalIDString = 2352966A19F8332A008C3528;
			remoteInfo = "Blog Reader";
		};
/* End PBXContainerItemProxy section */

/* Begin PBXFileReference section */
		2352966B19F8332A008C3528 /* Blog Reader.app */ = {isa = PBXFileReference; explicitFileType = wrapper.application; includeInIndex = 0; path = "Blog Reader.app"; sourceTree = BUILT_PRODUCTS_DIR; };
		2352966F19F8332A008C3528 /* Info.plist */ = {isa = PBXFileReference; lastKnownFileType = text.plist.xml; path = Info.plist; sourceTree = "<group>"; };
		2352967019F8332A008C3528 /* main.m */ = {isa = PBXFileReference; lastKnownFileType = sourcecode.c.objc; path = main.m; sourceTree = "<group>"; };
		2352967219F8332A008C3528 /* AppDelegate.h */ = {isa = PBXFileReference; lastKnownFileType = sourcecode.c.h; path = AppDelegate.h; sourceTree = "<group>"; };
		2352967319F8332A008C3528 /* AppDelegate.m */ = {isa = PBXFileReference; lastKnownFileType = sourcecode.c.objc; path = AppDelegate.m; sourceTree = "<group>"; };
		2352967519F8332A008C3528 /* MasterViewController.h */ = {isa = PBXFileReference; lastKnownFileType = sourcecode.c.h; path = MasterViewController.h; sourceTree = "<group>"; };
		2352967619F8332A008C3528 /* MasterViewController.m */ = {isa = PBXFileReference; lastKnownFileType = sourcecode.c.objc; path = MasterViewController.m; sourceTree = "<group>"; };
		2352967819F8332A008C3528 /* DetailViewController.h */ = {isa = PBXFileReference; lastKnownFileType = sourcecode.c.h; path = DetailViewController.h; sourceTree = "<group>"; };
		2352967919F8332A008C3528 /* DetailViewController.m */ = {isa = PBXFileReference; lastKnownFileType = sourcecode.c.objc; path = DetailViewController.m; sourceTree = "<group>"; };
		2352967C19F8332A008C3528 /* Base */ = {isa = PBXFileReference; lastKnownFileType = file.storyboard; name = Base; path = Base.lproj/Main.storyboard; sourceTree = "<group>"; };
		2352967E19F8332A008C3528 /* Images.xcassets */ = {isa = PBXFileReference; lastKnownFileType = folder.assetcatalog; path = Images.xcassets; sourceTree = "<group>"; };
		2352968119F8332A008C3528 /* Base */ = {isa = PBXFileReference; lastKnownFileType = file.xib; name = Base; path = Base.lproj/LaunchScreen.xib; sourceTree = "<group>"; };
		2352968719F8332A008C3528 /* Blog ReaderTests.xctest */ = {isa = PBXFileReference; explicitFileType = wrapper.cfbundle; includeInIndex = 0; path = "Blog ReaderTests.xctest"; sourceTree = BUILT_PRODUCTS_DIR; };
		2352968C19F8332A008C3528 /* Info.plist */ = {isa = PBXFileReference; lastKnownFileType = text.plist.xml; path = Info.plist; sourceTree = "<group>"; };
		2352968D19F8332A008C3528 /* Blog_ReaderTests.m */ = {isa = PBXFileReference; lastKnownFileType = sourcecode.c.objc; path = Blog_ReaderTests.m; sourceTree = "<group>"; };
/* End PBXFileReference section */

/* Begin PBXFrameworksBuildPhase section */
		2352966819F8332A008C3528 /* Frameworks */ = {
			isa = PBXFrameworksBuildPhase;
			buildActionMask = 2147483647;
			files = (
			);
			runOnlyForDeploymentPostprocessing = 0;
		};
		2352968419F8332A008C3528 /* Frameworks */ = {
			isa = PBXFrameworksBuildPhase;
			buildActionMask = 2147483647;
			files = (
			);
			runOnlyForDeploymentPostprocessing = 0;
		};
/* End PBXFrameworksBuildPhase section */

/* Begin PBXGroup section */
		2352966219F8332A008C3528 = {
			isa = PBXGroup;
			children = (
				2352966D19F8332A008C3528 /* Blog Reader */,
				2352968A19F8332A008C3528 /* Blog ReaderTests */,
				2352966C19F8332A008C3528 /* Products */,
			);
			sourceTree = "<group>";
		};
		2352966C19F8332A008C3528 /* Products */ = {
			isa = PBXGroup;
			children = (
				2352966B19F8332A008C3528 /* Blog Reader.app */,
				2352968719F8332A008C3528 /* Blog ReaderTests.xctest */,
			);
			name = Products;
			sourceTree = "<group>";
		};
		2352966D19F8332A008C3528 /* Blog Reader */ = {
			isa = PBXGroup;
			children = (
				2352967219F8332A008C3528 /* AppDelegate.h */,
				2352967319F8332A008C3528 /* AppDelegate.m */,
				2352967519F8332A008C3528 /* MasterViewController.h */,
				2352967619F8332A008C3528 /* MasterViewController.m */,
				2352967819F8332A008C3528 /* DetailViewController.h */,
				2352967919F8332A008C3528 /* DetailViewController.m */,
				2352967B19F8332A008C3528 /* Main.storyboard */,
				2352967E19F8332A008C3528 /* Images.xcassets */,
				2352968019F8332A008C3528 /* LaunchScreen.xib */,
				2352966E19F8332A008C3528 /* Supporting Files */,
			);
			path = "Blog Reader";
			sourceTree = "<group>";
		};
		2352966E19F8332A008C3528 /* Supporting Files */ = {
			isa = PBXGroup;
			children = (
				2352966F19F8332A008C3528 /* Info.plist */,
				2352967019F8332A008C3528 /* main.m */,
			);
			name = "Supporting Files";
			sourceTree = "<group>";
		};
		2352968A19F8332A008C3528 /* Blog ReaderTests */ = {
			isa = PBXGroup;
			children = (
				2352968D19F8332A008C3528 /* Blog_ReaderTests.m */,
				2352968B19F8332A008C3528 /* Supporting Files */,
			);
			path = "Blog ReaderTests";
			sourceTree = "<group>";
		};
		2352968B19F8332A008C3528 /* Supporting Files */ = {
			isa = PBXGroup;
			children = (
				2352968C19F8332A008C3528 /* Info.plist */,
			);
			name = "Supporting Files";
			sourceTree = "<group>";
		};
/* End PBXGroup section */

/* Begin PBXNativeTarget section */
		2352966A19F8332A008C3528 /* Blog Reader */ = {
			isa = PBXNativeTarget;
			buildConfigurationList = 2352969119F8332A008C3528 /* Build configuration list for PBXNativeTarget "Blog Reader" */;
			buildPhases = (
				2352966719F8332A008C3528 /* Sources */,
				2352966819F8332A008C3528 /* Frameworks */,
				2352966919F8332A008C3528 /* Resources */,
			);
			buildRules = (
			);
			dependencies = (
			);
			name = "Blog Reader";
			productName = "Blog Reader";
			productReference = 2352966B19F8332A008C3528 /* Blog Reader.app */;
			productType = "com.apple.product-type.application";
		};
		2352968619F8332A008C3528 /* Blog ReaderTests */ = {
			isa = PBXNativeTarget;
			buildConfigurationList = 2352969419F8332A008C3528 /* Build configuration list for PBXNativeTarget "Blog ReaderTests" */;
			buildPhases = (
				2352968319F8332A008C3528 /* Sources */,
				2352968419F8332A008C3528 /* Frameworks */,
				2352968519F8332A008C3528 /* Resources */,
			);
			buildRules = (
			);
			dependencies = (
				2352968919F8332A008C3528 /* PBXTargetDependency */,
			);
			name = "Blog ReaderTests";
			productName = "Blog ReaderTests";
			productReference = 2352968719F8332A008C3528 /* Blog ReaderTests.xctest */;
			productType = "com.apple.product-type.bundle.unit-test";
		};
/* End PBXNativeTarget section */

/* Begin PBXProject section */
		2352966319F8332A008C3528 /* Project object */ = {
			isa = PBXProject;
			attributes = {
				LastUpgradeCheck = 0600;
				ORGANIZATIONNAME = "Renn Jervis";
				TargetAttributes = {
					2352966A19F8332A008C3528 = {
						CreatedOnToolsVersion = 6.0.1;
					};
					2352968619F8332A008C3528 = {
						CreatedOnToolsVersion = 6.0.1;
						TestTargetID = 2352966A19F8332A008C3528;
					};
				};
			};
			buildConfigurationList = 2352966619F8332A008C3528 /* Build configuration list for PBXProject "Blog Reader" */;
			compatibilityVersion = "Xcode 3.2";
			developmentRegion = English;
			hasScannedForEncodings = 0;
			knownRegions = (
				en,
				Base,
			);
			mainGroup = 2352966219F8332A008C3528;
			productRefGroup = 2352966C19F8332A008C3528 /* Products */;
			projectDirPath = "";
			projectRoot = "";
			targets = (
				2352966A19F8332A008C3528 /* Blog Reader */,
				2352968619F8332A008C3528 /* Blog ReaderTests */,
			);
		};
/* End PBXProject section */

/* Begin PBXResourcesBuildPhase section */
		2352966919F8332A008C3528 /* Resources */ = {
			isa = PBXResourcesBuildPhase;
			buildActionMask = 2147483647;
			files = (
				2352967D19F8332A008C3528 /* Main.storyboard in Resources */,
				2352968219F8332A008C3528 /* LaunchScreen.xib in Resources */,
				2352967F19F8332A008C3528 /* Images.xcassets in Resources */,
			);
			runOnlyForDeploymentPostprocessing = 0;
		};
		2352968519F8332A008C3528 /* Resources */ = {
			isa = PBXResourcesBuildPhase;
			buildActionMask = 2147483647;
			files = (
			);
			runOnlyForDeploymentPostprocessing = 0;
		};
/* End PBXResourcesBuildPhase section */

/* Begin PBXSourcesBuildPhase section */
		2352966719F8332A008C3528 /* Sources */ = {
			isa = PBXSourcesBuildPhase;
			buildActionMask = 2147483647;
			files = (
				2352967419F8332A008C3528 /* AppDelegate.m in Sources */,
				2352967719F8332A008C3528 /* MasterViewController.m in Sources */,
				2352967119F8332A008C3528 /* main.m in Sources */,
				2352967A19F8332A008C3528 /* DetailViewController.m in Sources */,
			);
			runOnlyForDeploymentPostprocessing = 0;
		};
		2352968319F8332A008C3528 /* Sources */ = {
			isa = PBXSourcesBuildPhase;
			buildActionMask = 2147483647;
			files = (
				2352968E19F8332A008C3528 /* Blog_ReaderTests.m in Sources */,
			);
			runOnlyForDeploymentPostprocessing = 0;
		};
/* End PBXSourcesBuildPhase section */

/* Begin PBXTargetDependency section */
		2352968919F8332A008C3528 /* PBXTargetDependency */ = {
			isa = PBXTargetDependency;
			target = 2352966A19F8332A008C3528 /* Blog Reader */;
			targetProxy = 2352968819F8332A008C3528 /* PBXContainerItemProxy */;
		};
/* End PBXTargetDependency section */

/* Begin PBXVariantGroup section */
		2352967B19F8332A008C3528 /* Main.storyboard */ = {
			isa = PBXVariantGroup;
			children = (
				2352967C19F8332A008C3528 /* Base */,
			);
			name = Main.storyboard;
			sourceTree = "<group>";
		};
		2352968019F8332A008C3528 /* LaunchScreen.xib */ = {
			isa = PBXVariantGroup;
			children = (
				2352968119F8332A008C3528 /* Base */,
			);
			name = LaunchScreen.xib;
			sourceTree = "<group>";
		};
/* End PBXVariantGroup section */

/* Begin XCBuildConfiguration section */
		2352968F19F8332A008C3528 /* Debug */ = {
			isa = XCBuildConfiguration;
			buildSettings = {
				ALWAYS_SEARCH_USER_PATHS = NO;
				CLANG_CXX_LANGUAGE_STANDARD = "gnu++0x";
				CLANG_CXX_LIBRARY = "libc++";
				CLANG_ENABLE_MODULES = YES;
				CLANG_ENABLE_OBJC_ARC = YES;
				CLANG_WARN_BOOL_CONVERSION = YES;
				CLANG_WARN_CONSTANT_CONVERSION = YES;
				CLANG_WARN_DIRECT_OBJC_ISA_USAGE = YES_ERROR;
				CLANG_WARN_EMPTY_BODY = YES;
				CLANG_WARN_ENUM_CONVERSION = YES;
				CLANG_WARN_INT_CONVERSION = YES;
				CLANG_WARN_OBJC_ROOT_CLASS = YES_ERROR;
				CLANG_WARN_UNREACHABLE_CODE = YES;
				CLANG_WARN__DUPLICATE_METHOD_MATCH = YES;
				"CODE_SIGN_IDENTITY[sdk=iphoneos*]" = "iPhone Developer";
				COPY_PHASE_STRIP = NO;
				ENABLE_STRICT_OBJC_MSGSEND = YES;
				GCC_C_LANGUAGE_STANDARD = gnu99;
				GCC_DYNAMIC_NO_PIC = NO;
				GCC_OPTIMIZATION_LEVEL = 0;
				GCC_PREPROCESSOR_DEFINITIONS = (
					"DEBUG=1",
					"$(inherited)",
				);
				GCC_SYMBOLS_PRIVATE_EXTERN = NO;
				GCC_WARN_64_TO_32_BIT_CONVERSION = YES;
				GCC_WARN_ABOUT_RETURN_TYPE = YES_ERROR;
				GCC_WARN_UNDECLARED_SELECTOR = YES;
				GCC_WARN_UNINITIALIZED_AUTOS = YES_AGGRESSIVE;
				GCC_WARN_UNUSED_FUNCTION = YES;
				GCC_WARN_UNUSED_VARIABLE = YES;
				IPHONEOS_DEPLOYMENT_TARGET = 8.0;
				MTL_ENABLE_DEBUG_INFO = YES;
				ONLY_ACTIVE_ARCH = YES;
				SDKROOT = iphoneos;
			};
			name = Debug;
		};
		2352969019F8332A008C3528 /* Release */ = {
			isa = XCBuildConfiguration;
			buildSettings = {
				ALWAYS_SEARCH_USER_PATHS = NO;
				CLANG_CXX_LANGUAGE_STANDARD = "gnu++0x";
				CLANG_CXX_LIBRARY = "libc++";
				CLANG_ENABLE_MODULES = YES;
				CLANG_ENABLE_OBJC_ARC = YES;
				CLANG_WARN_BOOL_CONVERSION = YES;
				CLANG_WARN_CONSTANT_CONVERSION = YES;
				CLANG_WARN_DIRECT_OBJC_ISA_USAGE = YES_ERROR;
				CLANG_WARN_EMPTY_BODY = YES;
				CLANG_WARN_ENUM_CONVERSION = YES;
				CLANG_WARN_INT_CONVERSION = YES;
				CLANG_WARN_OBJC_ROOT_CLASS = YES_ERROR;
				CLANG_WARN_UNREACHABLE_CODE = YES;
				CLANG_WARN__DUPLICATE_METHOD_MATCH = YES;
				"CODE_SIGN_IDENTITY[sdk=iphoneos*]" = "iPhone Developer";
				COPY_PHASE_STRIP = YES;
				ENABLE_NS_ASSERTIONS = NO;
				ENABLE_STRICT_OBJC_MSGSEND = YES;
				GCC_C_LANGUAGE_STANDARD = gnu99;
				GCC_WARN_64_TO_32_BIT_CONVERSION = YES;
				GCC_WARN_ABOUT_RETURN_TYPE = YES_ERROR;
				GCC_WARN_UNDECLARED_SELECTOR = YES;
				GCC_WARN_UNINITIALIZED_AUTOS = YES_AGGRESSIVE;
				GCC_WARN_UNUSED_FUNCTION = YES;
				GCC_WARN_UNUSED_VARIABLE = YES;
				IPHONEOS_DEPLOYMENT_TARGET = 8.0;
				MTL_ENABLE_DEBUG_INFO = NO;
				SDKROOT = iphoneos;
				VALIDATE_PRODUCT = YES;
			};
			name = Release;
		};
		2352969219F8332A008C3528 /* Debug */ = {
			isa = XCBuildConfiguration;
			buildSettings = {
				ASSETCATALOG_COMPILER_APPICON_NAME = AppIcon;
				INFOPLIST_FILE = "Blog Reader/Info.plist";
				LD_RUNPATH_SEARCH_PATHS = "$(inherited) @executable_path/Frameworks";
				PRODUCT_NAME = "$(TARGET_NAME)";
			};
			name = Debug;
		};
		2352969319F8332A008C3528 /* Release */ = {
			isa = XCBuildConfiguration;
			buildSettings = {
				ASSETCATALOG_COMPILER_APPICON_NAME = AppIcon;
				INFOPLIST_FILE = "Blog Reader/Info.plist";
				LD_RUNPATH_SEARCH_PATHS = "$(inherited) @executable_path/Frameworks";
				PRODUCT_NAME = "$(TARGET_NAME)";
			};
			name = Release;
		};
		2352969519F8332A008C3528 /* Debug */ = {
			isa = XCBuildConfiguration;
			buildSettings = {
				BUNDLE_LOADER = "$(TEST_HOST)";
				FRAMEWORK_SEARCH_PATHS = (
					"$(SDKROOT)/Developer/Library/Frameworks",
					"$(inherited)",
				);
				GCC_PREPROCESSOR_DEFINITIONS = (
					"DEBUG=1",
					"$(inherited)",
				);
				INFOPLIST_FILE = "Blog ReaderTests/Info.plist";
				LD_RUNPATH_SEARCH_PATHS = "$(inherited) @executable_path/Frameworks @loader_path/Frameworks";
				PRODUCT_NAME = "$(TARGET_NAME)";
				TEST_HOST = "$(BUILT_PRODUCTS_DIR)/Blog Reader.app/Blog Reader";
			};
			name = Debug;
		};
		2352969619F8332A008C3528 /* Release */ = {
			isa = XCBuildConfiguration;
			buildSettings = {
				BUNDLE_LOADER = "$(TEST_HOST)";
				FRAMEWORK_SEARCH_PATHS = (
					"$(SDKROOT)/Developer/Library/Frameworks",
					"$(inherited)",
				);
				INFOPLIST_FILE = "Blog ReaderTests/Info.plist";
				LD_RUNPATH_SEARCH_PATHS = "$(inherited) @executable_path/Frameworks @loader_path/Frameworks";
				PRODUCT_NAME = "$(TARGET_NAME)";
				TEST_HOST = "$(BUILT_PRODUCTS_DIR)/Blog Reader.app/Blog Reader";
			};
			name = Release;
		};
/* End XCBuildConfiguration section */

/* Begin XCConfigurationList section */
		2352966619F8332A008C3528 /* Build configuration list for PBXProject "Blog Reader" */ = {
			isa = XCConfigurationList;
			buildConfigurations = (
				2352968F19F8332A008C3528 /* Debug */,
				2352969019F8332A008C3528 /* Release */,
			);
			defaultConfigurationIsVisible = 0;
			defaultConfigurationName = Release;
		};
		2352969119F8332A008C3528 /* Build configuration list for PBXNativeTarget "Blog Reader" */ = {
			isa = XCConfigurationList;
			buildConfigurations = (
				2352969219F8332A008C3528 /* Debug */,
				2352969319F8332A008C3528 /* Release */,
			);
			defaultConfigurationIsVisible = 0;
		};
		2352969419F8332A008C3528 /* Build configuration list for PBXNativeTarget "Blog ReaderTests" */ = {
			isa = XCConfigurationList;
			buildConfigurations = (
				2352969519F8332A008C3528 /* Debug */,
				2352969619F8332A008C3528 /* Release */,
			);
			defaultConfigurationIsVisible = 0;
		};
/* End XCConfigurationList section */
	};
	rootObject = 2352966319F8332A008C3528 /* Project object */;
}
